anyio==4.15.1 \
    --hash=sha256:6152fdbbf9a77fdec97731721bebf7c4c44f7c29b424b0065826173efc7ed101 \
    --hash=sha256:9f28306018cbd6d329e64a36d58256edff76dd996fe423bc957326e578b82a94
black==26.5.1 \
    --hash=sha256:0e48b87e03bf109288e55cfceadcfa15ff5470aca2851a851950ed2926f450d7 \
    --hash=sha256:1037d5ac7b7b310b2632ad867ec8d0e4c4819dcdb0b820f63135da746a24e418 \
    --hash=sha256:1ef92b76f7733f282fd096ea406200b5a286c42947412b0eaff3a74e3616cefe \
    --hash=sha256:1f7ea64ebfa01b50f693508fc39f875e264446d3b097088f84f203b9d09618a0 \
    --hash=sha256:2b36cf2ddf5566e205f6535f782a62194a184d33e175b64ae8c40b1737522be3 \
    --hash=sha256:30d3c14661f2792e9142cce3eeeb1cbc175b3eb5f733be0c8eeb99651e52b0c3 \
    --hash=sha256:32d5ea7f6c8bdfa6e648326ebca1f02b0764e2a029edc6f8dce2627e19d468c3 \
    --hash=sha256:3915f256e75a2d7cf88d8953d37f780455dc586cc72dee059c528fe77f581217 \
    --hash=sha256:4ad6fa01f941920f54f2bbb35f3df7673428a0ef98a0b0840c2eaef3b110efa8 \
    --hash=sha256:4ed7f7da04046d2e488437170797d3b4a4ad83906683bcb7dfc68b673bbce5e2 \
    --hash=sha256:5119fa92ae61f786e8c3662fd60aece1d0a2dd5cca5d0c79417a95e7a4272a59 \
    --hash=sha256:577f21094ea469ef92ec1adaf2c9441a226d2144d01a5be2fa823cecf6543e50 \
    --hash=sha256:5c34b25da232ead53a6f335b76dbea124f4d152ad568b9080d6f944bc2b34b52 \
    --hash=sha256:96ae2c733b2aabdd9986e2c5df628ff3473676cd1c5faded1ff496cf6d74083c \
    --hash=sha256:9d98d4137277c75dfb898ec8d846c4fd68ba1e9cf77f95e2865c203dc18f4c3d \
    --hash=sha256:a1dca32d9f1784af512a13410ec204c6f7f0aa9797a111c42e1c03449821c264 \
    --hash=sha256:dd321f668053961824bcc1be1cc1df748b2d7e4fa28086b08331e577b0100a73 \
    --hash=sha256:e1a26503279b6b310669fb0b219c39e4820b77e8189fe80f522bb511f247db0a \
    --hash=sha256:e88976690a64b0af98312ca958415849cb42423423c5f2ee74af4b49a97a2168 \
    --hash=sha256:ea8d16dc41655aa113cd64665e7219446cd7e4ff2248d7178eaa905190c86b18 \
    --hash=sha256:ecb3e624844c798144e9bd986954e0adc81d8911a1f30f375e1252fe26e8c294 \
    --hash=sha256:ed1a20af114c301a0269bf01163d51dbef72737fd65f850001e7cbe7f3c7abae
certifi==2026.7.22 \
    --hash=sha256:62f22742b58a1a33014a2b6b706588a8d7e2a88ae7bd1a6ebe8c992928483775 \
    --hash=sha256:741e2c3b351ddf169a738da9f2c048608ff7f2c5cc02f1ebc6b118bb090d5d55
click==8.5.0 \
    --hash=sha256:255bc9599cf7748b4b1a446ccc735421bd08a2ae529a8b88597d3de5664ee360 \
    --hash=sha256:ba0d2089de75ea0310e2dde03160e6ca10009947fb95a182f9b54021bb272e34
docstring-to-markdown==0.17 \
    --hash=sha256:df72a112294c7492487c9da2451cae0faeee06e86008245c188c5761c9590ca3 \
    --hash=sha256:fd7d5094aa83943bf5f9e1a13701866b7c452eac19765380dead666e36d3711c
h11==0.16.0 \
    --hash=sha256:4e35b956cf45792e4caa5885e69fba00bdbc6ffafbfa020300e549b208ee5ff1 \
    --hash=sha256:63cf8bbe7522de3bf65932fda1d9c2772064ffb3dae62d55932da54b31cb6c86
httpcore==1.0.9 \
    --hash=sha256:2d400746a40668fc9dec9810239072b40b4484b640a8c38fd654a024c7a1bf55 \
    --hash=sha256:6e34463af53fd2ab5d807f399a9b45ea31c3dfa2276f15a2c3f00afff6e176e8
httpx==0.28.1 \
    --hash=sha256:75e98c5f16b0f35b567856f597f06ff2270a374470a5c2392242528e3e3e42fc \
    --hash=sha256:d909fcccc110f8c7faf814ca82a9a4d816bc5a6dbfea25d6591d6985b8ba59ad
idna==3.20 \
    --hash=sha256:a7db850025b95ded1eae8a46181a1a6c56c92c96f0e2b005d9ff8dc0210cab44 \
    --hash=sha256:ab7ae7122974553370f0bdb919e1a960b2cd1bc1ef0276416d896db81c14582c
importlib-metadata==9.0.1 \
    --hash=sha256:ab830580bc0ef3db61ce8fae716389e5462b67e033018bab6d8f80ef17172f99 \
    --hash=sha256:bba5600596a7e21f3eef53281cf28d6a5195634d2f2b78ff9501a3272c6eaab0
jedi==0.20.0 \
    --hash=sha256:7bdd9c2634f56713299976f4cbd59cb3fa92165cc5e05ea811fb253480728b67 \
    --hash=sha256:c3f4ccbd276696f4b19c54618d4fb18f9fc24b0aef02acf704b23f487daa1011
mypy-extensions==1.1.0 \
    --hash=sha256:1be4cccdb0f2482337c4743e60421de3a356cd97508abadd57d47403e94f5505 \
    --hash=sha256:52e68efc3284861e772bbcd66823fde5ae21fd2fdb51c62a211403730b916558
packaging==26.3 \
    --hash=sha256:94edc256424af38762eb31306eed28beb9f0efc50a8837492c9d6fd6004aed79 \
    --hash=sha256:d7193f7c8e4e93f444fde0262bf90af30e16fa0ad0ad44cb553c87339b23cd1c
parso==0.8.7 \
    --hash=sha256:a8926eb2a1b915486941fdbd31e86a4baf88fe8c210f25f2f35ecec5b574ca1c \
    --hash=sha256:eaaac4c9fdd5e9e8852dc778d2d7405897ec510f2a298071453e5e3a07914bb1
pathspec==1.1.1 \
    --hash=sha256:17db5ecd524104a120e173814c90367a96a98d07c45b2e10c2f3919fff91bf5a \
    --hash=sha256:a00ce642f577bf7f473932318056212bc4f8bfdf53128c78bbd5af0b9b20b189
platformdirs==4.11.15 \
    --hash=sha256:84508421c77d3c6462e71dd8c0d2776c2ace0e94eb006dc4fd383bc1dcf5a176 \
    --hash=sha256:d7419e973b2b740d428200130f80c0e79304d1c71081001db911e15b26a3a6d4
pluggy==1.6.0 \
    --hash=sha256:7dcc130b76258d33b90f61b658791dede3486c3e6bfb003ee5c9bfb396dd22f3 \
    --hash=sha256:e920276dd6813095e9377c0bc5566d94c932c33b27a3e3945d8389c374dd4746
prompt-toolkit==3.0.53 \
    --hash=sha256:01c0891d7f9237d5e339f7d3e42cdae80b7534abb1c7c0e3352efba6231492f2 \
    --hash=sha256:9ec8a0ad96d5c56148b3f914aa79c1564c3fde5d2e6b876e7bc327e353cf8fa6
pyflakes==3.2.0 \
    --hash=sha256:1c61603ff154621fb2a9172037d84dca3500def8c8b630657d1701f026f8af3f \
    --hash=sha256:84b5be138a2dfbb40689ca07e2152deb896a65c3a3e24c251c5c62489568074a
python-lsp-jsonrpc==1.1.2 \
    --hash=sha256:4688e453eef55cd952bff762c705cedefa12055c0aec17a06f595bcc002cc912 \
    --hash=sha256:7339c2e9630ae98903fdaea1ace8c47fba0484983794d6aafd0bd8989be2b03c
python-lsp-server==1.15.0 \
    --hash=sha256:85fa090262c3d1aef09b759d98811d6cb9ad5bbc58af15d588608ae8c1925801 \
    --hash=sha256:d6ac11b467021310498f2dffb2edf09629bbcfe0d3073156db2337334a60463f
pytokens==0.4.1 \
    --hash=sha256:140709331e846b728475786df8aeb27d24f48cbcf7bcd449f8de75cae7a45083 \
    --hash=sha256:24afde1f53d95348b5a0eb19488661147285ca4dd7ed752bbc3e1c6242a304d1 \
    --hash=sha256:26cef14744a8385f35d0e095dc8b3a7583f6c953c2e3d269c7f82484bf5ad2de \
    --hash=sha256:292052fe80923aae2260c073f822ceba21f3872ced9a68bb7953b348e561179a \
    --hash=sha256:29d1d8fb1030af4d231789959f21821ab6325e463f0503a61d204343c9b355d1 \
    --hash=sha256:3f901fe783e06e48e8cbdc82d631fca8f118333798193e026a50ce1b3757ea68 \
    --hash=sha256:4a14d5f5fc78ce85e426aa159489e2d5961acf0e47575e08f35584009178e321 \
    --hash=sha256:4a58d057208cb9075c144950d789511220b07636dd2e4708d5645d24de666bdc \
    --hash=sha256:5502408cab1cb18e128570f8d598981c68a50d0cbd7c61312a90507cd3a1276f \
    --hash=sha256:584c80c24b078eec1e227079d56dc22ff755e0ba8654d8383b2c549107528918 \
    --hash=sha256:5ad948d085ed6c16413eb5fec6b3e02fa00dc29a2534f088d3302c47eb59adf9 \
    --hash=sha256:6d6c4268598f762bc8e91f5dbf2ab2f61f7b95bdc07953b602db879b3c8c18e1 \
    --hash=sha256:79fc6b8699564e1f9b521582c35435f1bd32dd06822322ec44afdeba666d8cb3 \
    --hash=sha256:8bdb9d0ce90cbf99c525e75a2fa415144fd570a1ba987380190e8b786bc6ef9b \
    --hash=sha256:8fcb9ba3709ff77e77f1c7022ff11d13553f3c30299a9fe246a166903e9091eb \
    --hash=sha256:967cf6e3fd4adf7de8fc73cd3043754ae79c36475c1c11d514fc72cf5490094a \
    --hash=sha256:970b08dd6b86058b6dc07efe9e98414f5102974716232d10f32ff39701e841c4 \
    --hash=sha256:97f50fd18543be72da51dd505e2ed20d2228c74e0464e4262e4899797803d7fa \
    --hash=sha256:9bd7d7f544d362576be74f9d5901a22f317efc20046efe2034dced238cbbfe78 \
    --hash=sha256:b35d7e5ad269804f6697727702da3c517bb8a5228afa450ab0fa787732055fc9 \
    --hash=sha256:b49750419d300e2b5a3813cf229d4e5a4c728dae470bcc89867a9ad6f25a722d \
    --hash=sha256:d31b97b3de0f61571a124a00ffe9a81fb9939146c122c11060725bd5aea79975 \
    --hash=sha256:d70e77c55ae8380c91c0c18dea05951482e263982911fc7410b1ffd1dadd3440 \
    --hash=sha256:d9907d61f15bf7261d7e775bd5d7ee4d2930e04424bab1972591918497623a16 \
    --hash=sha256:dc74c035f9bfca0255c1af77ddd2d6ae8419012805453e4b0e7513e17904545d \
    --hash=sha256:ee44d0f85b803321710f9239f335aafe16553b39106384cef8e6de40cb4ef2f6 \
    --hash=sha256:f66a6bbe741bd431f6d741e617e0f39ec7257ca1f89089593479347cc4d13324
pyyaml==6.0.3 \
    --hash=sha256:00c4bdeba853cc34e7dd471f16b4114f4162dc03e6b7afcc2128711f0eca823c \
    --hash=sha256:02893d100e99e03eda1c8fd5c441d8c60103fd175728e23e431db1b589cf5ab3 \
    --hash=sha256:0f29edc409a6392443abf94b9cf89ce99889a1dd5376d94316ae5145dfedd5d6 \
    --hash=sha256:10892704fc220243f5305762e276552a0395f7beb4dbf9b14ec8fd43b57f126c \
    --hash=sha256:16249ee61e95f858e83976573de0f5b2893b3677ba71c9dd36b9cf8be9ac6d65 \
    --hash=sha256:1d37d57ad971609cf3c53ba6a7e365e40660e3be0e5175fa9f2365a379d6095a \
    --hash=sha256:2283a07e2c21a2aa78d9c4442724ec1eb15f5e42a723b99cb3d822d48f5f7ad1 \
    --hash=sha256:34d5fcd24b8445fadc33f9cf348c1047101756fd760b4dacb5c3e99755703310 \
    --hash=sha256:37503bfbfc9d2c40b344d06b2199cf0e96e97957ab1c1b546fd4f87e53e5d3e4 \
    --hash=sha256:41715c910c881bc081f1e8872880d3c650acf13dfa8214bad49ed4cede7c34ea \
    --hash=sha256:44edc647873928551a01e7a563d7452ccdebee747728c1080d881d68af7b997e \
    --hash=sha256:4a2e8cebe2ff6ab7d1050ecd59c25d4c8bd7e6f400f5f82b96557ac0abafd0ac \
    --hash=sha256:4ad1906908f2f5ae4e5a8ddfce73c320c2a1429ec52eafd27138b7f1cbe341c9 \
    --hash=sha256:501a031947e3a9025ed4405a168e6ef5ae3126c59f90ce0cd6f2bfc477be31b7 \
    --hash=sha256:5190d403f121660ce8d1d2c1bb2ef1bd05b5f68533fc5c2ea899bd15f4399b35 \
    --hash=sha256:5498cd1645aa724a7c71c8f378eb29ebe23da2fc0d7a08071d89469bf1d2defb \
    --hash=sha256:5fcd34e47f6e0b794d17de1b4ff496c00986e1c83f7ab2fb8fcfe9616ff7477b \
    --hash=sha256:5fdec68f91a0c6739b380c83b951e2c72ac0197ace422360e6d5a959d8d97b2c \
    --hash=sha256:64386e5e707d03a7e172c0701abfb7e10f0fb753ee1d773128192742712a98fd \
    --hash=sha256:652cb6edd41e718550aad172851962662ff2681490a8a711af6a4d288dd96824 \
    --hash=sha256:66e1674c3ef6f541c35191caae2d429b967b99e02040f5ba928632d9a7f0f065 \
    --hash=sha256:6adc77889b628398debc7b65c073bcb99c4a0237b248cacaf3fe8a557563ef6c \
    --hash=sha256:79005a0d97d5ddabfeeea4cf676af11e647e41d81c9a7722a193022accdb6b7c \
    --hash=sha256:7c6610def4f163542a622a73fb39f534f8c101d690126992300bf3207eab9764 \
    --hash=sha256:7f047e29dcae44602496db43be01ad42fc6f1cc0d8cd6c83d342306c32270196 \
    --hash=sha256:8098f252adfa6c80ab48096053f512f2321f0b998f98150cea9bd23d83e1467b \
    --hash=sha256:850774a7879607d3a6f50d36d04f00ee69e7fc816450e5f7e58d7f17f1ae5c00 \
    --hash=sha256:8d1fab6bb153a416f9aeb4b8763bc0f22a5586065f86f7664fc23339fc1c1fac \
    --hash=sha256:8da9669d359f02c0b91ccc01cac4a67f16afec0dac22c2ad09f46bee0697eba8 \
    --hash=sha256:8dc52c23056b9ddd46818a57b78404882310fb473d63f17b07d5c40421e47f8e \
    --hash=sha256:9149cad251584d5fb4981be1ecde53a1ca46c891a79788c0df828d2f166bda28 \
    --hash=sha256:93dda82c9c22deb0a405ea4dc5f2d0cda384168e466364dec6255b293923b2f3 \
    --hash=sha256:96b533f0e99f6579b3d4d4995707cf36df9100d67e0c8303a0c55b27b5f99bc5 \
    --hash=sha256:9f3bfb4965eb874431221a3ff3fdcddc7e74e3b07799e0e84ca4a0f867d449bf \
    --hash=sha256:a33284e20b78bd4a18c8c2282d549d10bc8408a2a7ff57653c0cf0b9be0afce5 \
    --hash=sha256:a80cb027f6b349846a3bf6d73b5e95e782175e52f22108cfa17876aaeff93702 \
    --hash=sha256:b3bc83488de33889877a0f2543ade9f70c67d66d9ebb4ac959502e12de895788 \
    --hash=sha256:b8bb0864c5a28024fac8a632c443c87c5aa6f215c0b126c449ae1a150412f31d \
    --hash=sha256:ba1cc08a7ccde2d2ec775841541641e4548226580ab850948cbfda66a1befcdc \
    --hash=sha256:c1ff362665ae507275af2853520967820d9124984e0f7466736aea23d8611fba \
    --hash=sha256:c458b6d084f9b935061bc36216e8a69a7e293a2f1e68bf956dcd9e6cbcd143f5 \
    --hash=sha256:d0eae10f8159e8fdad514efdc92d74fd8d682c933a6dd088030f3834bc8e6b26 \
    --hash=sha256:d76623373421df22fb4cf8817020cbb7ef15c725b9d5e45f17e189bfc384190f \
    --hash=sha256:ebc55a14a21cb14062aa4162f906cd962b28e2e9ea38f9b4391244cd8de4ae0b \
    --hash=sha256:eda16858a3cab07b80edaf74336ece1f986ba330fdb8ee0d6c0d68fe82bc96be \
    --hash=sha256:ee2922902c45ae8ccada2c5b501ab86c36525b883eff4255313a253a3160861c \
    --hash=sha256:f7057c9a337546edc7973c0d3ba84ddcdf0daa14533c2065749c9075001090e6 \
    --hash=sha256:fc09d0aa354569bc501d4e787133afc08552722d3ab34836a80547331bb5d4a0
typing-extensions==4.16.0 \
    --hash=sha256:481caa481374e813c1b176ada14e97f1f67a4539ce9cfeb3f350d78d6370c2e8 \
    --hash=sha256:dc983d19a509c94dba722ee6abd33940f7c05a89e243c47e907eb4db6f1a43e5
ujson==6.0.0 \
    --hash=sha256:02148bd4706f42b063bb95f6cc309e16554fb4c250db4683688c0a3eb83048ad \
    --hash=sha256:0a4edbeb091b195031a0e96fab005150340e383c095cac6b5c2b7dc8f55040b5 \
    --hash=sha256:0aa247eb50a52bb2190871ca8c2e0a96f8190bfdb1ebd68c70d1bf422f640b73 \
    --hash=sha256:0d6e29b91a0934ed9d22ee48aa91518523cd2ce1c6caee2810b439fb371b8439 \
    --hash=sha256:0dd8981828f6b515ba5e9f2473f433aa59bebe4784182b48695b71af52033b4f \
    --hash=sha256:0eeef12ef46e129278b50ca4c66c6b35c318f2fd09346bacddf218ed378cc0bb \
    --hash=sha256:0f3eff1f93d9d1f0bd5eee35883b9c71ad9befcfcd0ddc7cd5862c69fba21cf6 \
    --hash=sha256:102ddbb1677540f0cae80cc36f5db9663a626c7b3bf872ed10f10fe72343a3c9 \
    --hash=sha256:15aa57f6d0dafccd20f282f46f6a8d721d46c73fd9474f5ba996e9adc48d3177 \
    --hash=sha256:1cda9f81e58120675dbaba7b254849ee59698e5dee83c4383a3c1a96ca92a679 \
    --hash=sha256:20eff4f1ea3b970b998bf111036404eb18e976d4919783f793e539370b8627cb \
    --hash=sha256:212191672712e5c40219d568c495a8a0bec526934eb87f16f30da78d962fe5ca \
    --hash=sha256:2145005321a4b175486dd890946b036bb8730e4e8e17744f5abce23ea014e024 \
    --hash=sha256:222389a616f6407eb40e1efa80a35c1ba468903e50a305faf425c26e3c32bdb9 \
    --hash=sha256:22eafdd4f8ee6fe2db0737285c75b15f7486dc53c07b09a4b3699c92c407c3e5 \
    --hash=sha256:28ac884b58c62eacdb6ac67284475b3f19b8160dbacb723956e67a0c11e45014 \
    --hash=sha256:2a09d4ea9ee60c023220195b229ce2688479dbdcf51630acdd54ee75b27c0c00 \
    --hash=sha256:2c5a1b422ebe9919a39c183543dff29edce76bac90080af5ceed51aeb6b60d0d \
    --hash=sha256:2dbe0b6d417b458164ccf1f59e081d6bd65c1fb2f626e0daeb6fb88c436f9643 \
    --hash=sha256:2e36269e715c8deea036d263557042e2598e79d52110233c1a623ed9e7c1cf0a \
    --hash=sha256:2f3c0a77235d7ffcce5c54b872fa25de4f14e6ffc159c62ad93b0a9ca98a1d20 \
    --hash=sha256:34c0403b485d8ddd86bd29d879cc9f72223579b57188b0a2bc07a8b06f8cfbdf \
    --hash=sha256:3b6494d29f7103a97d930cbd25f23fdc4d77e145a931e743660d697a200fd831 \
    --hash=sha256:3bd770b553bebc408b49d6fdb46efb1dc568368d949ac7813a07fcccaea044ae \
    --hash=sha256:3d56d408ccfb9b0e5c2b4ea687396df30ca42ebe2aedac88362069620ce65402 \
    --hash=sha256:455e6ae6c925eca6358110e665a31e5bbcf0a93dfe9822a26b954c9351de2c3f \
    --hash=sha256:4579b8c96824f65888d4a615463c2dc2b7db6c6f0c7f83ece2a58714fd1a8123 \
    --hash=sha256:4a69419253e9367281db03355eb55b5231eef5ff338bb816eb5926ee788faf48 \
    --hash=sha256:5376a8c14d0eaf80789bdb10e21ae12582cdf526eb921a47f57053ef08c63f8c \
    --hash=sha256:54ab6b66fa6f67dfa8234e109df132074e155af3b299ad83aab13ba4b6db9b3f \
    --hash=sha256:5919fe3109a08f8bd682a2ad1cec5cdeff7c1f563b812aba26e86b8b0ab05558 \
    --hash=sha256:593acfa0f36ada24e89c07147441fe364081fa1631db73ee55f40893c196e0b9 \
    --hash=sha256:5b3afbe992e2d1b8c1e4e7a0da2c77da23f29545e5ba695a4a9241702234f20e \
    --hash=sha256:619b2152aa77c57a535e3e7eaf88ec8e25beac6d380378b2ade10362cce50f75 \
    --hash=sha256:63b56e3fcccc339e2c1332e75adc779bd145964e1a47a39a229fa01b2e25618a \
    --hash=sha256:63eefaa34abbe14167493710619b840d3fc167ba86e5fbe0c4a5eb01686aa3a0 \
    --hash=sha256:65bbea52c251b568268b61f9377bee867addc81c9b4c24da277b051ce16f6151 \
    --hash=sha256:65e0e0c21ead4d0087c9c65a82eb2446c4bd51d36388d41035ce773517e7a3bf \
    --hash=sha256:6759d1a9f8aa45dbe2fb3e49ef181e8e6dacca89c595c5ec007ab2b839235117 \
    --hash=sha256:683501475e3dfa935574bfd2b3d26f7393b4a880a745aeab63cc3d013027bba0 \
    --hash=sha256:68d623416ad997666bd8ea899b15554462b6250e803f4ce084c7dfd06a775314 \
    --hash=sha256:7168df25a051fd2a60f8d123b2123b60ead7c1f22cdd467ab7c2bba0fad0aec1 \
    --hash=sha256:7253ae5cac107d2940226a113165738630a98c19cdeaec1e6d6d6c3a7c307b95 \
    --hash=sha256:7a1472649bc9ef3b9ce3ab279e9e812368bfac25210b7ec96bd544767c019577 \
    --hash=sha256:7de7692f330c1ceaf6335ad8039d2fe9344d30ecb415e86ee719e9d5585b2077 \
    --hash=sha256:7e747c535d4ca9afdde31e034484a1020717fb18fa8a8faa789171abeb2ad1ff \
    --hash=sha256:801ff407fda799f4ff98d960342128b065a14113eaccfc116b50092342636861 \
    --hash=sha256:80e23393feb707582e0ad495c397a4477b646d08094d2df64f7316f9fafd8aae \
    --hash=sha256:8141cade37dabc5f090eb5e6a267eabb6b193078becdc82aaf10433196715c33 \
    --hash=sha256:8604968307105c3229ce0170e70bf3f172cf96f73c978b1afbc3d0ec8bdfcf86 \
    --hash=sha256:868856ea75794d952c773c506bb638e2a692bc5a8095cefebdcd98f43c79e772 \
    --hash=sha256:88b237680c705fd37bacbaaa335106fecb234a47e1df0737d949b8e32c7eb5f9 \
    --hash=sha256:89b1962c30dc29ba99e522c4f2e39173961b6098328cfbcdad3f9f1c308dae89 \
    --hash=sha256:8af54166141d5c8ebeebc044c3569ef10edfcdf6fd8ecb487a2bf33c776ebc8f \
    --hash=sha256:8cd9f7203c0b2aaed66809edf7e66aa3ab0fe3402e87b69a43b9dfd8d33125ab \
    --hash=sha256:8d56340493496d50ccc41b460610c1ce6a197aac710733b5f36910e8c9f3ba6d \
    --hash=sha256:90f766c5f8e55de2fe65e4241e3e2e46ed7528e7931255a7ed0dfcb5ce622b15 \
    --hash=sha256:921408c159b01d39d70e90252b8ab17f16594fc91f229e6f881642fb0ed24ae7 \
    --hash=sha256:928d83b72808dc73a5df530b7fc27101052be1baf013a5dd75a1535de6cf107e \
    --hash=sha256:970f9ff27d12e089fa342379f52ea3f4aff6fbe8690aca9a1645c14aee5d08fb \
    --hash=sha256:97caee7e4c3e20dff9e6adca0b7443c3cf9d7546ed5d0750954c5bb5456bad86 \
    --hash=sha256:987e191700873419cc23d94d4212e57a85df24eebbe9a33785907b0c99a5a57a \
    --hash=sha256:9b59ead8dd9a96399cc38994d19720443a3cc626b730cbb4f414fb768b3e2816 \
    --hash=sha256:9d522e95bffac7338178757a7931b81639b9e0f2a3ee6e8c7ffdf867f2bfed36 \
    --hash=sha256:9ef1920b423effe2837351d19a2278d7a516404a07200cca30b881077a2d7877 \
    --hash=sha256:a054959ec07f2fd63b6e8a63019a6879262c4f1983a100545c5a0206eefe993e \
    --hash=sha256:a2e699d5f290f81829f42638f8bc6582e3e73452d8607edf749ad3e1843946fa \
    --hash=sha256:a38a21efd05384fb82d35bed81fac0ff6056ea39c3dee3c293885ce910879dd0 \
    --hash=sha256:aa03ac78c7806c6a391c037e0a63552e11532210b719bc062cddc00671a7577f \
    --hash=sha256:ab7b316bba31be494635dcc5db87e429f2478073d15d2c54925c32fd9e1947f4 \
    --hash=sha256:ad11c9153c775087d261634410da7cfaac2743d79bc9ab573177d9e3398f00c6 \
    --hash=sha256:ad8bdad17cfc64aefb049e53687ff8730a72e2c3d99edcb36001683122597846 \
    --hash=sha256:add6b3827cbd6ce068ad70b1b890d44271801386a726e2bafe5bced784466642 \
    --hash=sha256:aea27aa0927b0423a0cfb167bd505c2dc59d1df65c66372204e43ba94fc964a8 \
    --hash=sha256:af85ae40c71d422fad944aa8666d59374e4fa92f77899fce34b984037db41420 \
    --hash=sha256:b2ab962524adb39dbad565fd259e15a1c26b8944fa978c24ed6dea5ab1eeefd0 \
    --hash=sha256:b305657e2ddc29a50b333053e7c7f431a8c24c92b7dcbbf7a420f2330152b486 \
    --hash=sha256:b3967550c8952bc516c79c40726a54313aceeb3162a8d5cc655362ab83d0957c \
    --hash=sha256:b8bd6743ad58fe6067ea1677d5df4674bd7de143b038bcd4129c3a6ced483ae8 \
    --hash=sha256:bbe0374e18beadac588f47e10cd14cf8b06395dc982062b643c5e3690355bfe3 \
    --hash=sha256:bc6df52a60b521c7b7d69de0c14856397d3cce1e39aa22cfe439c350d6f52524 \
    --hash=sha256:c2c670cd7aaad2a3bff450addb32b26aa831f82a8b6c2c875ec19bb282a6c45d \
    --hash=sha256:c51915961a51e37403fd94114e293d580dd916ddd1961b229217a87193d2454e \
    --hash=sha256:c5d13a4ccf3fc9a00fb4e8cae818ad7ecf33f210d8098fecbfc087ff43573544 \
    --hash=sha256:c626f68524a19f50d9a9babc17f9c379d1b2a9f2a3da5ac3c40a205cc736259f \
    --hash=sha256:cd835565b660ca125f5895105981d691c708c15367b88a69fa4d92ddbe24504a \
    --hash=sha256:cea0a63173e4ae98cd960f484096233da76a62550ac10c53312a69ad9f3545b1 \
    --hash=sha256:d2e29a0dd1d33e49623d4c69bfa7e6d3d5c7530cf42bebe612cff965acffd1a9 \
    --hash=sha256:d4a731cc7cd513bf4c4016a24a060fb1aa8475e8682e1f8b1bfb836f8d3f50f0 \
    --hash=sha256:d7945560fc6ce687ea83aa0bc375aa8a1101d9eee1fcbd085c5e0a5b6c6ac8ad \
    --hash=sha256:dae3765f731779faa947715485f6794bc5984802be4584478a3e9e5143dd62e1 \
    --hash=sha256:dd55ca435d6c3c7e4cb6d8a0a98a133d4fd1b67d9abf90449442d9f5a728a9ff \
    --hash=sha256:dfceda99f3105e9e6fce8dfd157f80894ad20247dc9ffce368c8b7883e7a2aac \
    --hash=sha256:e0652b2110fc374c766cdfca4fad61f9d13a0ad60c5b335ef3fed509374557bc \
    --hash=sha256:e1fa46cb8ddbfba2adf8277b8225e2ebf5bae435e2251c730c17bc0020f63c5e \
    --hash=sha256:e6926204905e1a2f278bacf92ff2fe31343bcc7fb9ff08fdd42be66b3a217ef0 \
    --hash=sha256:e9359bfd0efd12593f0db40ccb2d1497284401da207f1d6a1783718313201b21 \
    --hash=sha256:e9f1625d047d011804a3dde0b8c5099ca2230224ca6b17f13a97b5531799c3aa \
    --hash=sha256:ec570979304a529a8be1bf9ea28889742a2ff5de9af1c6734584dfe1645da3e6 \
    --hash=sha256:ee87d8c4a4ebbef1c7cb2cf251a1d77726ef06a1597ed04d3dce92709b8fe0f1 \
    --hash=sha256:f9d26982045b28db1937ac60682a9940fdb72f9cab3421a5d56c03f2207c99e9 \
    --hash=sha256:fb37ec7d7542e2f23fd7ca8fd034c8db7221c5e86d6a6a3a170711f993eecf15 \
    --hash=sha256:fbae9b1a4d70e2283d71a0b66db2a91eb1a2cefaf370e47eff3a79f8ece7148d \
    --hash=sha256:fc115cca04dbdfd98a67ec89ba5ffd8a87f3201171af54980cfd550997611c41 \
    --hash=sha256:fd26d4b182b7138fc948cda55fe2e91b70d987731e169e628f42ba22cc6e3cce \
    --hash=sha256:ff3b33d8c8dbbe32936d2056296324371a07ed0b29177e2eb8ec46569436817f
wcwidth==0.9.1 \
    --hash=sha256:03cfca3dcbffa86564290fe3c9978a6191ba003e8ced7f7dbda315fcb3fbe725 \
    --hash=sha256:0665ee822ea04e25801e6e82e5407528be0863e88a17b0e7ca038843a4a3ac0c \
    --hash=sha256:0d68a30d504c68cfdff2a5f804675c1e7ab4c0bbe878024c8b680ec5579cde67 \
    --hash=sha256:10b00ba23482e352f874d2e8135e7ace9da838646c7dd800566246bbd46125ff \
    --hash=sha256:356376852357b8fca71fe5415808ec421679e04b4a98eb7c9cb6a7984b911a05 \
    --hash=sha256:40d936d72c9bdc10df43f93a8be502bc5024b487259139f66a328722c07f34a9 \
    --hash=sha256:5823209b0d43af322ce698c689380d7c15ca31fa8e6e3be8459f27031bef0af5 \
    --hash=sha256:61bd7aef9cafb6cb77a37a169998d7928ce82a51522146d11f60db9e7d1cb43a \
    --hash=sha256:69bb970cf5652b88cfdb9d3fdd1764fc15e5f8ad531643e7bb3e894cd969740e \
    --hash=sha256:6e1272b7986cefe79783737e38bdb9eaae0682b333c7bd132024441193dd5ce7 \
    --hash=sha256:708158c082364af442f9983de7b6ec9ac0d2e1b825ada25f0911b1f138d55405 \
    --hash=sha256:747fb724223f417a17541a95a17c1dac3a8ef9a0cf41684950f0eab191a35f65 \
    --hash=sha256:991d1c8834f548e9c1f16432075ee84638e122312556bbf1ed595ea8fffc4673 \
    --hash=sha256:9f1636c5075ffd5c2e835b4561874f6e5dd2bbeba3c6c2c99f067d0d16883af8 \
    --hash=sha256:b5da43d6967668982e44a52fb551967d293f86d26cd86036ac95bbdd34394ed9 \
    --hash=sha256:bcb9ed4a367cc025bf1092ac679a156759605182d60b7ed3c28f7221a42ddf55 \
    --hash=sha256:c4cead196551112cb8f43cdd1f80c235ef2456e34b1a9955c424537ec99961b2 \
    --hash=sha256:dc10e262c3ac0abbfd0a2a51e45a848b1b7f500b21ff512630277973ba25674d \
    --hash=sha256:e0c3a1c45c5b9550c6919a4449e95f5b177f6e165786376981db8f1addae9b21 \
    --hash=sha256:eab587e18e7cadf1a750b0098fc8bebfb62c125eb9306f2268f0443a282a3d78 \
    --hash=sha256:fe021c4d8de9d36c31a0cb41d0d2546dadd3b0708a301f1a0c66ce200851831f
zipp==4.1.0 \
    --hash=sha256:25ad4e16390cd314347dd8f1de67a2ac538ae658ed4ab9db16029c07c188e97f \
    --hash=sha256:4cb57381f544315db7688e976e922a2b18cdb513d21cc194eb42232ba2a3e602
